---
lockfileVersion: 1
lockfileVendor: redhat
arches:
- arch: aarch64
  packages:
  - url: https://cdn-ubi.redhat.com/content/public/ubi/dist/ubi8/8/aarch64/baseos/os/Packages/l/libsemanage-2.9-11.el8_10.aarch64.rpm
    repoid: ubi-8-for-aarch64-baseos-rpms
    size: 168328
    checksum: sha256:7cd9414c454841ef794c8d2651d0f16246d468e52dc034b7a2c84572461732f7
    name: libsemanage
    evr: 2.9-11.el8_10
    sourcerpm: libsemanage-2.9-11.el8_10.src.rpm
  - url: https://cdn-ubi.redhat.com/content/public/ubi/dist/ubi8/8/aarch64/baseos/os/Packages/s/shadow-utils-4.6-22.el8.aarch64.rpm
    repoid: ubi-8-for-aarch64-baseos-rpms
    size: 1272288
    checksum: sha256:3ccea243f8c0f86e2a0b2c93933bfd475a62134f0a556ee2e1212dcf8d7e5240
    name: shadow-utils
    evr: 2:4.6-22.el8
    sourcerpm: shadow-utils-4.6-22.el8.src.rpm
  source: []
  module_metadata: []
- arch: ppc64le
  packages:
  - url: https://cdn-ubi.redhat.com/content/public/ubi/dist/ubi8/8/ppc64le/baseos/os/Packages/l/libsemanage-2.9-11.el8_10.ppc64le.rpm
    repoid: ubi-8-for-ppc64le-baseos-rpms
    size: 183840
    checksum: sha256:7d846562212b735859d256188bf880760f37a628c00cdc89174470426688686f
    name: libsemanage
    evr: 2.9-11.el8_10
    sourcerpm: libsemanage-2.9-11.el8_10.src.rpm
  - url: https://cdn-ubi.redhat.com/content/public/ubi/dist/ubi8/8/ppc64le/baseos/os/Packages/s/shadow-utils-4.6-22.el8.ppc64le.rpm
    repoid: ubi-8-for-ppc64le-baseos-rpms
    size: 1310120
    checksum: sha256:20e487410c60bf49e6f80649f374387738e8a5d11ebf6b3e418298e0887237f0
    name: shadow-utils
    evr: 2:4.6-22.el8
    sourcerpm: shadow-utils-4.6-22.el8.src.rpm
  source: []
  module_metadata: []
- arch: s390x
  packages:
  - url: https://cdn-ubi.redhat.com/content/public/ubi/dist/ubi8/8/s390x/baseos/os/Packages/l/libsemanage-2.9-11.el8_10.s390x.rpm
    repoid: ubi-8-for-s390x-baseos-rpms
    size: 168292
    checksum: sha256:2f5a1f493935b3d46cda7d8335e21782d2d357cbd000507c58cd6fd9fd6024d0
    name: libsemanage
    evr: 2.9-11.el8_10
    sourcerpm: libsemanage-2.9-11.el8_10.src.rpm
  - url: https://cdn-ubi.redhat.com/content/public/ubi/dist/ubi8/8/s390x/baseos/os/Packages/s/shadow-utils-4.6-22.el8.s390x.rpm
    repoid: ubi-8-for-s390x-baseos-rpms
    size: 1270628
    checksum: sha256:760c020a571c1dfa7951b72375d35f4d57aca662151d56be383c8bbd71303171
    name: shadow-utils
    evr: 2:4.6-22.el8
    sourcerpm: shadow-utils-4.6-22.el8.src.rpm
  source: []
  module_metadata: []
- arch: x86_64
  packages:
  - url: https://cdn-ubi.redhat.com/content/public/ubi/dist/ubi8/8/x86_64/baseos/os/Packages/l/libsemanage-2.9-11.el8_10.x86_64.rpm
    repoid: ubi-8-for-x86_64-baseos-rpms
    size: 172936
    checksum: sha256:2fbbded84101ff93c19bdaebf7b05c2950654b010c37ba5de13d7a0342bd634b
    name: libsemanage
    evr: 2.9-11.el8_10
    sourcerpm: libsemanage-2.9-11.el8_10.src.rpm
  - url: https://cdn-ubi.redhat.com/content/public/ubi/dist/ubi8/8/x86_64/baseos/os/Packages/s/shadow-utils-4.6-22.el8.x86_64.rpm
    repoid: ubi-8-for-x86_64-baseos-rpms
    size: 1292332
    checksum: sha256:ea73ee201451bbca0d6d14ca434c93800f01c8fb1b9daef727a5af1a27356d07
    name: shadow-utils
    evr: 2:4.6-22.el8
    sourcerpm: shadow-utils-4.6-22.el8.src.rpm
  source: []
  module_metadata: []
